
Microsoft Visual Studio Solution File, Format Version 12.00
# Visual Studio Version 17
VisualStudioVersion = 17.0.32112.339
MinimumVisualStudioVersion = 10.0.40219.1
Project("{9A19103F-16F7-4668-BE54-9A1E7A4F7556}") = "System.Text.Encoding.SpanExtensions", "EncodingSpanExtensions\System.Text.Encoding.SpanExtensions.csproj", "{B315A5A6-99D2-4D28-8AFE-7A26D0F1044B}"
EndProject
Project("{9A19103F-16F7-4668-BE54-9A1E7A4F7556}") = "System.Text.Encoding.SpanExtensions_Tests", "EncodingSpanExtensions_Tests\System.Text.Encoding.SpanExtensions_Tests.csproj", "{732061C2-B590-4136-A938-DB2ADE4B8719}"
EndProject
Global
	GlobalSection(SolutionConfigurationPlatforms) = preSolution
		Debug|Any CPU = Debug|Any CPU
		Release|Any CPU = Release|Any CPU
	EndGlobalSection
	GlobalSection(ProjectConfigurationPlatforms) = postSolution
		{B315A5A6-99D2-4D28-8AFE-7A26D0F1044B}.Debug|Any CPU.ActiveCfg = Debug|Any CPU
		{B315A5A6-99D2-4D28-8AFE-7A26D0F1044B}.Debug|Any CPU.Build.0 = Debug|Any CPU
		{B315A5A6-99D2-4D28-8AFE-7A26D0F1044B}.Release|Any CPU.ActiveCfg = Release|Any CPU
		{B315A5A6-99D2-4D28-8AFE-7A26D0F1044B}.Release|Any CPU.Build.0 = Release|Any CPU
		{732061C2-B590-4136-A938-DB2ADE4B8719}.Debug|Any CPU.ActiveCfg = Debug|Any CPU
		{732061C2-B590-4136-A938-DB2ADE4B8719}.Debug|Any CPU.Build.0 = Debug|Any CPU
		{732061C2-B590-4136-A938-DB2ADE4B8719}.Release|Any CPU.ActiveCfg = Release|Any CPU
		{732061C2-B590-4136-A938-DB2ADE4B8719}.Release|Any CPU.Build.0 = Release|Any CPU
	EndGlobalSection
	GlobalSection(SolutionProperties) = preSolution
		HideSolutionNode = FALSE
	EndGlobalSection
	GlobalSection(ExtensibilityGlobals) = postSolution
		SolutionGuid = {4908ABF2-D1FE-4785-AC62-EC5CEFC78681}
	EndGlobalSection
EndGlobal
